// !$*UTF8*$!
{
	archiveVersion = 1;
	classes = {
	};
	objectVersion = 56;
	objects = {

/* Begin PBXBuildFile section */
		9F8716BA29B84FE400704816 /* AppDelegate.swift in Sources */ = {isa = PBXBuildFile; fileRef = 9F8716B929B84FE400704816 /* AppDelegate.swift */; };
		9F8716BC29B84FE400704816 /* SceneDelegate.swift in Sources */ = {isa = PBXBuildFile; fileRef = 9F8716BB29B84FE400704816 /* SceneDelegate.swift */; };
		9F8716C129B84FE400704816 /* Main.storyboard in Resources */ = {isa = PBXBuildFile; fileRef = 9F8716BF29B84FE400704816 /* Main.storyboard */; };
		9F8716C329B84FE700704816 /* Assets.xcassets in Resources */ = {isa = PBXBuildFile; fileRef = 9F8716C229B84FE700704816 /* Assets.xcassets */; };
		9F8716C629B84FE700704816 /* LaunchScreen.storyboard in Resources */ = {isa = PBXBuildFile; fileRef = 9F8716C429B84FE700704816 /* LaunchScreen.storyboard */; };
		9F8716D129B84FE700704816 /* ChatterGPTTest.swift in Sources */ = {isa = PBXBuildFile; fileRef = 9F8716D029B84FE700704816 /* ChatterGPTTest.swift */; };
		9F8716DB29B84FE800704816 /* ChatGPTUITests.swift in Sources */ = {isa = PBXBuildFile; fileRef = 9F8716DA29B84FE800704816 /* ChatGPTUITests.swift */; };
		9F8716DD29B84FE800704816 /* ChatGPTUITestsLaunchTests.swift in Sources */ = {isa = PBXBuildFile; fileRef = 9F8716DC29B84FE800704816 /* ChatGPTUITestsLaunchTests.swift */; };
		9F8716EA29B85CAF00704816 /* ChatListViewController.swift in Sources */ = {isa = PBXBuildFile; fileRef = 9F8716E929B85CAF00704816 /* ChatListViewController.swift */; };
		9F8716EC29B8663F00704816 /* MainChatViewController.swift in Sources */ = {isa = PBXBuildFile; fileRef = 9F8716EB29B8663F00704816 /* MainChatViewController.swift */; };
		9F8716EF29B8675400704816 /* iOSCommonUtils in Frameworks */ = {isa = PBXBuildFile; productRef = 9F8716EE29B8675400704816 /* iOSCommonUtils */; };
		9F8716F229B8709400704816 /* Alamofire in Frameworks */ = {isa = PBXBuildFile; productRef = 9F8716F129B8709400704816 /* Alamofire */; };
		9F8716F429B870A200704816 /* ApiRequest.swift in Sources */ = {isa = PBXBuildFile; fileRef = 9F8716F329B870A200704816 /* ApiRequest.swift */; };
		9F8716F629B875EE00704816 /* ChatGPTEntity.swift in Sources */ = {isa = PBXBuildFile; fileRef = 9F8716F529B875EE00704816 /* ChatGPTEntity.swift */; };
		9F8716F929B8801800704816 /* SwiftyJSON in Frameworks */ = {isa = PBXBuildFile; productRef = 9F8716F829B8801800704816 /* SwiftyJSON */; };
		9F8716FF29B8819000704816 /* MainChatViewModel.swift in Sources */ = {isa = PBXBuildFile; fileRef = 9F8716FE29B8819000704816 /* MainChatViewModel.swift */; };
		9F87170129B883C500704816 /* MainChatService .swift in Sources */ = {isa = PBXBuildFile; fileRef = 9F87170029B883C500704816 /* MainChatService .swift */; };
		9F87170329B891FB00704816 /* ChatboxCell.swift in Sources */ = {isa = PBXBuildFile; fileRef = 9F87170229B891FB00704816 /* ChatboxCell.swift */; };
		9F87170629B8BD7700704816 /* RxCocoa in Frameworks */ = {isa = PBXBuildFile; productRef = 9F87170529B8BD7700704816 /* RxCocoa */; };
		9F87170829B8BD7700704816 /* RxSwift in Frameworks */ = {isa = PBXBuildFile; productRef = 9F87170729B8BD7700704816 /* RxSwift */; };
		9F87170A29B8C04100704816 /* MainChatTests.swift in Sources */ = {isa = PBXBuildFile; fileRef = 9F87170929B8C04100704816 /* MainChatTests.swift */; };
		9F87170F29B9771C00704816 /* Obersevable.swift in Sources */ = {isa = PBXBuildFile; fileRef = 9F87170E29B9771C00704816 /* Obersevable.swift */; };
/* End PBXBuildFile section */

/* Begin PBXContainerItemProxy section */
		9F8716CD29B84FE700704816 /* PBXContainerItemProxy */ = {
			isa = PBXContainerItemProxy;
			containerPortal = 9F8716AE29B84FE400704816 /* Project object */;
			proxyType = 1;
			remoteGlobalIDString = 9F8716B529B84FE400704816;
			remoteInfo = ChatGPT;
		};
		9F8716D729B84FE800704816 /* PBXContainerItemProxy */ = {
			isa = PBXContainerItemProxy;
			containerPortal = 9F8716AE29B84FE400704816 /* Project object */;
			proxyType = 1;
			remoteGlobalIDString = 9F8716B529B84FE400704816;
			remoteInfo = ChatGPT;
		};
/* End PBXContainerItemProxy section */

/* Begin PBXFileReference section */
		9F8716B629B84FE400704816 /* ChatterGPT.app */ = {isa = PBXFileReference; explicitFileType = wrapper.application; includeInIndex = 0; path = ChatterGPT.app; sourceTree = BUILT_PRODUCTS_DIR; };
		9F8716B929B84FE400704816 /* AppDelegate.swift */ = {isa = PBXFileReference; lastKnownFileType = sourcecode.swift; path = AppDelegate.swift; sourceTree = "<group>"; };
		9F8716BB29B84FE400704816 /* SceneDelegate.swift */ = {isa = PBXFileReference; lastKnownFileType = sourcecode.swift; path = SceneDelegate.swift; sourceTree = "<group>"; };
		9F8716C029B84FE400704816 /* Base */ = {isa = PBXFileReference; lastKnownFileType = file.storyboard; name = Base; path = Base.lproj/Main.storyboard; sourceTree = "<group>"; };
		9F8716C229B84FE700704816 /* Assets.xcassets */ = {isa = PBXFileReference; lastKnownFileType = folder.assetcatalog; path = Assets.xcassets; sourceTree = "<group>"; };
		9F8716C529B84FE700704816 /* Base */ = {isa = PBXFileReference; lastKnownFileType = file.storyboard; name = Base; path = Base.lproj/LaunchScreen.storyboard; sourceTree = "<group>"; };
		9F8716C729B84FE700704816 /* Info.plist */ = {isa = PBXFileReference; lastKnownFileType = text.plist.xml; path = Info.plist; sourceTree = "<group>"; };
		9F8716CC29B84FE700704816 /* ChatterGPTTests.xctest */ = {isa = PBXFileReference; explicitFileType = wrapper.cfbundle; includeInIndex = 0; path = ChatterGPTTests.xctest; sourceTree = BUILT_PRODUCTS_DIR; };
		9F8716D029B84FE700704816 /* ChatterGPTTest.swift */ = {isa = PBXFileReference; lastKnownFileType = sourcecode.swift; path = ChatterGPTTest.swift; sourceTree = "<group>"; };
		9F8716D629B84FE800704816 /* ChatterGPTUITests.xctest */ = {isa = PBXFileReference; explicitFileType = wrapper.cfbundle; includeInIndex = 0; path = ChatterGPTUITests.xctest; sourceTree = BUILT_PRODUCTS_DIR; };
		9F8716DA29B84FE800704816 /* ChatGPTUITests.swift */ = {isa = PBXFileReference; lastKnownFileType = sourcecode.swift; path = ChatGPTUITests.swift; sourceTree = "<group>"; };
		9F8716DC29B84FE800704816 /* ChatGPTUITestsLaunchTests.swift */ = {isa = PBXFileReference; lastKnownFileType = sourcecode.swift; path = ChatGPTUITestsLaunchTests.swift; sourceTree = "<group>"; };
		9F8716E929B85CAF00704816 /* ChatListViewController.swift */ = {isa = PBXFileReference; lastKnownFileType = sourcecode.swift; path = ChatListViewController.swift; sourceTree = "<group>"; };
		9F8716EB29B8663F00704816 /* MainChatViewController.swift */ = {isa = PBXFileReference; lastKnownFileType = sourcecode.swift; path = MainChatViewController.swift; sourceTree = "<group>"; };
		9F8716F329B870A200704816 /* ApiRequest.swift */ = {isa = PBXFileReference; lastKnownFileType = sourcecode.swift; path = ApiRequest.swift; sourceTree = "<group>"; };
		9F8716F529B875EE00704816 /* ChatGPTEntity.swift */ = {isa = PBXFileReference; lastKnownFileType = sourcecode.swift; path = ChatGPTEntity.swift; sourceTree = "<group>"; };
		9F8716FE29B8819000704816 /* MainChatViewModel.swift */ = {isa = PBXFileReference; lastKnownFileType = sourcecode.swift; path = MainChatViewModel.swift; sourceTree = "<group>"; };
		9F87170029B883C500704816 /* MainChatService .swift */ = {isa = PBXFileReference; lastKnownFileType = sourcecode.swift; path = "MainChatService .swift"; sourceTree = "<group>"; };
		9F87170229B891FB00704816 /* ChatboxCell.swift */ = {isa = PBXFileReference; lastKnownFileType = sourcecode.swift; path = ChatboxCell.swift; sourceTree = "<group>"; };
		9F87170929B8C04100704816 /* MainChatTests.swift */ = {isa = PBXFileReference; lastKnownFileType = sourcecode.swift; path = MainChatTests.swift; sourceTree = "<group>"; };
		9F87170E29B9771C00704816 /* Obersevable.swift */ = {isa = PBXFileReference; lastKnownFileType = sourcecode.swift; path = Obersevable.swift; sourceTree = "<group>"; };
/* End PBXFileReference section */

/* Begin PBXFrameworksBuildPhase section */
		9F8716B329B84FE400704816 /* Frameworks */ = {
			isa = PBXFrameworksBuildPhase;
			buildActionMask = 2147483647;
			files = (
				9F8716F929B8801800704816 /* SwiftyJSON in Frameworks */,
				9F8716EF29B8675400704816 /* iOSCommonUtils in Frameworks */,
				9F87170829B8BD7700704816 /* RxSwift in Frameworks */,
				9F87170629B8BD7700704816 /* RxCocoa in Frameworks */,
				9F8716F229B8709400704816 /* Alamofire in Frameworks */,
			);
			runOnlyForDeploymentPostprocessing = 0;
		};
		9F8716C929B84FE700704816 /* Frameworks */ = {
			isa = PBXFrameworksBuildPhase;
			buildActionMask = 2147483647;
			files = (
			);
			runOnlyForDeploymentPostprocessing = 0;
		};
		9F8716D329B84FE800704816 /* Frameworks */ = {
			isa = PBXFrameworksBuildPhase;
			buildActionMask = 2147483647;
			files = (
			);
			runOnlyForDeploymentPostprocessing = 0;
		};
/* End PBXFrameworksBuildPhase section */

/* Begin PBXGroup section */
		9F8716AD29B84FE400704816 = {
			isa = PBXGroup;
			children = (
				9F8716B829B84FE400704816 /* ChatterGPT */,
				9F8716CF29B84FE700704816 /* ChatterGPTTests */,
				9F8716D929B84FE800704816 /* ChatterGPTUITests */,
				9F8716B729B84FE400704816 /* Products */,
			);
			sourceTree = "<group>";
		};
		9F8716B729B84FE400704816 /* Products */ = {
			isa = PBXGroup;
			children = (
				9F8716B629B84FE400704816 /* ChatterGPT.app */,
				9F8716CC29B84FE700704816 /* ChatterGPTTests.xctest */,
				9F8716D629B84FE800704816 /* ChatterGPTUITests.xctest */,
			);
			name = Products;
			sourceTree = "<group>";
		};
		9F8716B829B84FE400704816 /* ChatterGPT */ = {
			isa = PBXGroup;
			children = (
				9F8716B929B84FE400704816 /* AppDelegate.swift */,
				9F8716C229B84FE700704816 /* Assets.xcassets */,
				9F8716C729B84FE700704816 /* Info.plist */,
				9F8716FA29B8812E00704816 /* Model */,
				9F8716FB29B8813700704816 /* repo */,
				9F8716BB29B84FE400704816 /* SceneDelegate.swift */,
				9F8716FC29B8815400704816 /* view */,
			);
			path = ChatterGPT;
			sourceTree = "<group>";
		};
		9F8716CF29B84FE700704816 /* ChatterGPTTests */ = {
			isa = PBXGroup;
			children = (
				9F8716D029B84FE700704816 /* ChatterGPTTest.swift */,
				9F87170929B8C04100704816 /* MainChatTests.swift */,
			);
			path = ChatterGPTTests;
			sourceTree = "<group>";
		};
		9F8716D929B84FE800704816 /* ChatterGPTUITests */ = {
			isa = PBXGroup;
			children = (
				9F8716DA29B84FE800704816 /* ChatGPTUITests.swift */,
				9F8716DC29B84FE800704816 /* ChatGPTUITestsLaunchTests.swift */,
			);
			path = ChatterGPTUITests;
			sourceTree = "<group>";
		};
		9F8716FA29B8812E00704816 /* Model */ = {
			isa = PBXGroup;
			children = (
				9F8716F529B875EE00704816 /* ChatGPTEntity.swift */,
				9F87170E29B9771C00704816 /* Obersevable.swift */,
			);
			path = Model;
			sourceTree = "<group>";
		};
		9F8716FB29B8813700704816 /* repo */ = {
			isa = PBXGroup;
			children = (
				9F87170C29B8C86100704816 /* network */,
				9F87170B29B8C85500704816 /* chatList */,
				9F8716FD29B8817E00704816 /* mainChat */,
			);
			path = repo;
			sourceTree = "<group>";
		};
		9F8716FC29B8815400704816 /* view */ = {
			isa = PBXGroup;
			children = (
				9F8716BF29B84FE400704816 /* Main.storyboard */,
				9F8716C429B84FE700704816 /* LaunchScreen.storyboard */,
			);
			path = view;
			sourceTree = "<group>";
		};
		9F8716FD29B8817E00704816 /* mainChat */ = {
			isa = PBXGroup;
			children = (
				9F8716EB29B8663F00704816 /* MainChatViewController.swift */,
				9F8716FE29B8819000704816 /* MainChatViewModel.swift */,
				9F87170029B883C500704816 /* MainChatService .swift */,
				9F87170229B891FB00704816 /* ChatboxCell.swift */,
			);
			path = mainChat;
			sourceTree = "<group>";
		};
		9F87170B29B8C85500704816 /* chatList */ = {
			isa = PBXGroup;
			children = (
				9F8716E929B85CAF00704816 /* ChatListViewController.swift */,
			);
			path = chatList;
			sourceTree = "<group>";
		};
		9F87170C29B8C86100704816 /* network */ = {
			isa = PBXGroup;
			children = (
				9F8716F329B870A200704816 /* ApiRequest.swift */,
			);
			path = network;
			sourceTree = "<group>";
		};
/* End PBXGroup section */

/* Begin PBXNativeTarget section */
		9F8716B529B84FE400704816 /* ChatterGPT */ = {
			isa = PBXNativeTarget;
			buildConfigurationList = 9F8716E029B84FE800704816 /* Build configuration list for PBXNativeTarget "ChatterGPT" */;
			buildPhases = (
				9F8716B229B84FE400704816 /* Sources */,
				9F8716B329B84FE400704816 /* Frameworks */,
				9F8716B429B84FE400704816 /* Resources */,
				9F87170D29B8CA7700704816 /* ShellScript */,
			);
			buildRules = (
			);
			dependencies = (
			);
			name = ChatterGPT;
			packageProductDependencies = (
				9F8716EE29B8675400704816 /* iOSCommonUtils */,
				9F8716F129B8709400704816 /* Alamofire */,
				9F8716F829B8801800704816 /* SwiftyJSON */,
				9F87170529B8BD7700704816 /* RxCocoa */,
				9F87170729B8BD7700704816 /* RxSwift */,
			);
			productName = ChatGPT;
			productReference = 9F8716B629B84FE400704816 /* ChatterGPT.app */;
			productType = "com.apple.product-type.application";
		};
		9F8716CB29B84FE700704816 /* ChatterGPTTests */ = {
			isa = PBXNativeTarget;
			buildConfigurationList = 9F8716E329B84FE800704816 /* Build configuration list for PBXNativeTarget "ChatterGPTTests" */;
			buildPhases = (
				9F8716C829B84FE700704816 /* Sources */,
				9F8716C929B84FE700704816 /* Frameworks */,
				9F8716CA29B84FE700704816 /* Resources */,
			);
			buildRules = (
			);
			dependencies = (
				9F8716CE29B84FE700704816 /* PBXTargetDependency */,
			);
			name = ChatterGPTTests;
			productName = ChatGPTTests;
			productReference = 9F8716CC29B84FE700704816 /* ChatterGPTTests.xctest */;
			productType = "com.apple.product-type.bundle.unit-test";
		};
		9F8716D529B84FE800704816 /* ChatterGPTUITests */ = {
			isa = PBXNativeTarget;
			buildConfigurationList = 9F8716E629B84FE800704816 /* Build configuration list for PBXNativeTarget "ChatterGPTUITests" */;
			buildPhases = (
				9F8716D229B84FE800704816 /* Sources */,
				9F8716D329B84FE800704816 /* Frameworks */,
				9F8716D429B84FE800704816 /* Resources */,
			);
			buildRules = (
			);
			dependencies = (
				9F8716D829B84FE800704816 /* PBXTargetDependency */,
			);
			name = ChatterGPTUITests;
			productName = ChatGPTUITests;
			productReference = 9F8716D629B84FE800704816 /* ChatterGPTUITests.xctest */;
			productType = "com.apple.product-type.bundle.ui-testing";
		};
/* End PBXNativeTarget section */

/* Begin PBXProject section */
		9F8716AE29B84FE400704816 /* Project object */ = {
			isa = PBXProject;
			attributes = {
				BuildIndependentTargetsInParallel = 1;
				LastSwiftUpdateCheck = 1420;
				LastUpgradeCheck = 1420;
				TargetAttributes = {
					9F8716B529B84FE400704816 = {
						CreatedOnToolsVersion = 14.2;
					};
					9F8716CB29B84FE700704816 = {
						CreatedOnToolsVersion = 14.2;
						TestTargetID = 9F8716B529B84FE400704816;
					};
					9F8716D529B84FE800704816 = {
						CreatedOnToolsVersion = 14.2;
						TestTargetID = 9F8716B529B84FE400704816;
					};
				};
			};
			buildConfigurationList = 9F8716B129B84FE400704816 /* Build configuration list for PBXProject "ChatterGPT" */;
			compatibilityVersion = "Xcode 14.0";
			developmentRegion = en;
			hasScannedForEncodings = 0;
			knownRegions = (
				en,
				Base,
			);
			mainGroup = 9F8716AD29B84FE400704816;
			packageReferences = (
				9F8716ED29B8675400704816 /* XCRemoteSwiftPackageReference "iOSCommonUtils" */,
				9F8716F029B8709400704816 /* XCRemoteSwiftPackageReference "Alamofire" */,
				9F8716F729B8801800704816 /* XCRemoteSwiftPackageReference "SwiftyJSON" */,
				9F87170429B8BD7600704816 /* XCRemoteSwiftPackageReference "RxSwift" */,
			);
			productRefGroup = 9F8716B729B84FE400704816 /* Products */;
			projectDirPath = "";
			projectRoot = "";
			targets = (
				9F8716B529B84FE400704816 /* ChatterGPT */,
				9F8716CB29B84FE700704816 /* ChatterGPTTests */,
				9F8716D529B84FE800704816 /* ChatterGPTUITests */,
			);
		};
/* End PBXProject section */

/* Begin PBXResourcesBuildPhase section */
		9F8716B429B84FE400704816 /* Resources */ = {
			isa = PBXResourcesBuildPhase;
			buildActionMask = 2147483647;
			files = (
				9F8716C629B84FE700704816 /* LaunchScreen.storyboard in Resources */,
				9F8716C329B84FE700704816 /* Assets.xcassets in Resources */,
				9F8716C129B84FE400704816 /* Main.storyboard in Resources */,
			);
			runOnlyForDeploymentPostprocessing = 0;
		};
		9F8716CA29B84FE700704816 /* Resources */ = {
			isa = PBXResourcesBuildPhase;
			buildActionMask = 2147483647;
			files = (
			);
			runOnlyForDeploymentPostprocessing = 0;
		};
		9F8716D429B84FE800704816 /* Resources */ = {
			isa = PBXResourcesBuildPhase;
			buildActionMask = 2147483647;
			files = (
			);
			runOnlyForDeploymentPostprocessing = 0;
		};
/* End PBXResourcesBuildPhase section */

/* Begin PBXShellScriptBuildPhase section */
		9F87170D29B8CA7700704816 /* ShellScript */ = {
			isa = PBXShellScriptBuildPhase;
			alwaysOutOfDate = 1;
			buildActionMask = 12;
			files = (
			);
			inputFileListPaths = (
			);
			inputPaths = (
			);
			outputFileListPaths = (
			);
			outputPaths = (
			);
			runOnlyForDeploymentPostprocessing = 0;
			shellPath = /bin/sh;
			shellScript = "# Type a script or drag a script file from your workspace to insert its path.\nswiftformat .\n";
		};
/* End PBXShellScriptBuildPhase section */

/* Begin PBXSourcesBuildPhase section */
		9F8716B229B84FE400704816 /* Sources */ = {
			isa = PBXSourcesBuildPhase;
			buildActionMask = 2147483647;
			files = (
				9F8716FF29B8819000704816 /* MainChatViewModel.swift in Sources */,
				9F8716F629B875EE00704816 /* ChatGPTEntity.swift in Sources */,
				9F8716BA29B84FE400704816 /* AppDelegate.swift in Sources */,
				9F87170329B891FB00704816 /* ChatboxCell.swift in Sources */,
				9F8716EA29B85CAF00704816 /* ChatListViewController.swift in Sources */,
				9F8716BC29B84FE400704816 /* SceneDelegate.swift in Sources */,
				9F8716F429B870A200704816 /* ApiRequest.swift in Sources */,
				9F87170F29B9771C00704816 /* Obersevable.swift in Sources */,
				9F8716EC29B8663F00704816 /* MainChatViewController.swift in Sources */,
				9F87170129B883C500704816 /* MainChatService .swift in Sources */,
			);
			runOnlyForDeploymentPostprocessing = 0;
		};
		9F8716C829B84FE700704816 /* Sources */ = {
			isa = PBXSourcesBuildPhase;
			buildActionMask = 2147483647;
			files = (
				9F87170A29B8C04100704816 /* MainChatTests.swift in Sources */,
				9F8716D129B84FE700704816 /* ChatterGPTTest.swift in Sources */,
			);
			runOnlyForDeploymentPostprocessing = 0;
		};
		9F8716D229B84FE800704816 /* Sources */ = {
			isa = PBXSourcesBuildPhase;
			buildActionMask = 2147483647;
			files = (
				9F8716DD29B84FE800704816 /* ChatGPTUITestsLaunchTests.swift in Sources */,
				9F8716DB29B84FE800704816 /* ChatGPTUITests.swift in Sources */,
			);
			runOnlyForDeploymentPostprocessing = 0;
		};
/* End PBXSourcesBuildPhase section */

/* Begin PBXTargetDependency section */
		9F8716CE29B84FE700704816 /* PBXTargetDependency */ = {
			isa = PBXTargetDependency;
			target = 9F8716B529B84FE400704816 /* ChatterGPT */;
			targetProxy = 9F8716CD29B84FE700704816 /* PBXContainerItemProxy */;
		};
		9F8716D829B84FE800704816 /* PBXTargetDependency */ = {
			isa = PBXTargetDependency;
			target = 9F8716B529B84FE400704816 /* ChatterGPT */;
			targetProxy = 9F8716D729B84FE800704816 /* PBXContainerItemProxy */;
		};
/* End PBXTargetDependency section */

/* Begin PBXVariantGroup section */
		9F8716BF29B84FE400704816 /* Main.storyboard */ = {
			isa = PBXVariantGroup;
			children = (
				9F8716C029B84FE400704816 /* Base */,
			);
			name = Main.storyboard;
			sourceTree = "<group>";
		};
		9F8716C429B84FE700704816 /* LaunchScreen.storyboard */ = {
			isa = PBXVariantGroup;
			children = (
				9F8716C529B84FE700704816 /* Base */,
			);
			name = LaunchScreen.storyboard;
			sourceTree = "<group>";
		};
/* End PBXVariantGroup section */

/* Begin XCBuildConfiguration section */
		9F8716DE29B84FE800704816 /* Debug */ = {
			isa = XCBuildConfiguration;
			buildSettings = {
				ALWAYS_SEARCH_USER_PATHS = NO;
				CLANG_ANALYZER_NONNULL = YES;
				CLANG_ANALYZER_NUMBER_OBJECT_CONVERSION = YES_AGGRESSIVE;
				CLANG_CXX_LANGUAGE_STANDARD = "gnu++20";
				CLANG_ENABLE_MODULES = YES;
				CLANG_ENABLE_OBJC_ARC = YES;
				CLANG_ENABLE_OBJC_WEAK = YES;
				CLANG_WARN_BLOCK_CAPTURE_AUTORELEASING = YES;
				CLANG_WARN_BOOL_CONVERSION = YES;
				CLANG_WARN_COMMA = YES;
				CLANG_WARN_CONSTANT_CONVERSION = YES;
				CLANG_WARN_DEPRECATED_OBJC_IMPLEMENTATIONS = YES;
				CLANG_WARN_DIRECT_OBJC_ISA_USAGE = YES_ERROR;
				CLANG_WARN_DOCUMENTATION_COMMENTS = YES;
				CLANG_WARN_EMPTY_BODY = YES;
				CLANG_WARN_ENUM_CONVERSION = YES;
				CLANG_WARN_INFINITE_RECURSION = YES;
				CLANG_WARN_INT_CONVERSION = YES;
				CLANG_WARN_NON_LITERAL_NULL_CONVERSION = YES;
				CLANG_WARN_OBJC_IMPLICIT_RETAIN_SELF = YES;
				CLANG_WARN_OBJC_LITERAL_CONVERSION = YES;
				CLANG_WARN_OBJC_ROOT_CLASS = YES_ERROR;
				CLANG_WARN_QUOTED_INCLUDE_IN_FRAMEWORK_HEADER = YES;
				CLANG_WARN_RANGE_LOOP_ANALYSIS = YES;
				CLANG_WARN_STRICT_PROTOTYPES = YES;
				CLANG_WARN_SUSPICIOUS_MOVE = YES;
				CLANG_WARN_UNGUARDED_AVAILABILITY = YES_AGGRESSIVE;
				CLANG_WARN_UNREACHABLE_CODE = YES;
				CLANG_WARN__DUPLICATE_METHOD_MATCH = YES;
				COPY_PHASE_STRIP = NO;
				DEBUG_INFORMATION_FORMAT = dwarf;
				ENABLE_STRICT_OBJC_MSGSEND = YES;
				ENABLE_TESTABILITY = YES;
				GCC_C_LANGUAGE_STANDARD = gnu11;
				GCC_DYNAMIC_NO_PIC = NO;
				GCC_NO_COMMON_BLOCKS = YES;
				GCC_OPTIMIZATION_LEVEL = 0;
				GCC_PREPROCESSOR_DEFINITIONS = (
					"DEBUG=1",
					"$(inherited)",
				);
				GCC_WARN_64_TO_32_BIT_CONVERSION = YES;
				GCC_WARN_ABOUT_RETURN_TYPE = YES_ERROR;
				GCC_WARN_UNDECLARED_SELECTOR = YES;
				GCC_WARN_UNINITIALIZED_AUTOS = YES_AGGRESSIVE;
				GCC_WARN_UNUSED_FUNCTION = YES;
				GCC_WARN_UNUSED_VARIABLE = YES;
				IPHONEOS_DEPLOYMENT_TARGET = 16.2;
				MTL_ENABLE_DEBUG_INFO = INCLUDE_SOURCE;
				MTL_FAST_MATH = YES;
				ONLY_ACTIVE_ARCH = YES;
				SDKROOT = iphoneos;
				SWIFT_ACTIVE_COMPILATION_CONDITIONS = DEBUG;
				SWIFT_OPTIMIZATION_LEVEL = "-Onone";
			};
			name = Debug;
		};
		9F8716DF29B84FE800704816 /* Release */ = {
			isa = XCBuildConfiguration;
			buildSettings = {
				ALWAYS_SEARCH_USER_PATHS = NO;
				CLANG_ANALYZER_NONNULL = YES;
				CLANG_ANALYZER_NUMBER_OBJECT_CONVERSION = YES_AGGRESSIVE;
				CLANG_CXX_LANGUAGE_STANDARD = "gnu++20";
				CLANG_ENABLE_MODULES = YES;
				CLANG_ENABLE_OBJC_ARC = YES;
				CLANG_ENABLE_OBJC_WEAK = YES;
				CLANG_WARN_BLOCK_CAPTURE_AUTORELEASING = YES;
				CLANG_WARN_BOOL_CONVERSION = YES;
				CLANG_WARN_COMMA = YES;
				CLANG_WARN_CONSTANT_CONVERSION = YES;
				CLANG_WARN_DEPRECATED_OBJC_IMPLEMENTATIONS = YES;
				CLANG_WARN_DIRECT_OBJC_ISA_USAGE = YES_ERROR;
				CLANG_WARN_DOCUMENTATION_COMMENTS = YES;
				CLANG_WARN_EMPTY_BODY = YES;
				CLANG_WARN_ENUM_CONVERSION = YES;
				CLANG_WARN_INFINITE_RECURSION = YES;
				CLANG_WARN_INT_CONVERSION = YES;
				CLANG_WARN_NON_LITERAL_NULL_CONVERSION = YES;
				CLANG_WARN_OBJC_IMPLICIT_RETAIN_SELF = YES;
				CLANG_WARN_OBJC_LITERAL_CONVERSION = YES;
				CLANG_WARN_OBJC_ROOT_CLASS = YES_ERROR;
				CLANG_WARN_QUOTED_INCLUDE_IN_FRAMEWORK_HEADER = YES;
				CLANG_WARN_RANGE_LOOP_ANALYSIS = YES;
				CLANG_WARN_STRICT_PROTOTYPES = YES;
				CLANG_WARN_SUSPICIOUS_MOVE = YES;
				CLANG_WARN_UNGUARDED_AVAILABILITY = YES_AGGRESSIVE;
				CLANG_WARN_UNREACHABLE_CODE = YES;
				CLANG_WARN__DUPLICATE_METHOD_MATCH = YES;
				COPY_PHASE_STRIP = NO;
				DEBUG_INFORMATION_FORMAT = "dwarf-with-dsym";
				ENABLE_NS_ASSERTIONS = NO;
				ENABLE_STRICT_OBJC_MSGSEND = YES;
				GCC_C_LANGUAGE_STANDARD = gnu11;
				GCC_NO_COMMON_BLOCKS = YES;
				GCC_WARN_64_TO_32_BIT_CONVERSION = YES;
				GCC_WARN_ABOUT_RETURN_TYPE = YES_ERROR;
				GCC_WARN_UNDECLARED_SELECTOR = YES;
				GCC_WARN_UNINITIALIZED_AUTOS = YES_AGGRESSIVE;
				GCC_WARN_UNUSED_FUNCTION = YES;
				GCC_WARN_UNUSED_VARIABLE = YES;
				IPHONEOS_DEPLOYMENT_TARGET = 16.2;
				MTL_ENABLE_DEBUG_INFO = NO;
				MTL_FAST_MATH = YES;
				SDKROOT = iphoneos;
				SWIFT_COMPILATION_MODE = wholemodule;
				SWIFT_OPTIMIZATION_LEVEL = "-O";
				VALIDATE_PRODUCT = YES;
			};
			name = Release;
		};
		9F8716E129B84FE800704816 /* Debug */ = {
			isa = XCBuildConfiguration;
			buildSettings = {
				ASSETCATALOG_COMPILER_APPICON_NAME = AppIcon;
				ASSETCATALOG_COMPILER_GLOBAL_ACCENT_COLOR_NAME = AccentColor;
				CODE_SIGN_STYLE = Automatic;
				CURRENT_PROJECT_VERSION = 1;
				DEVELOPMENT_TEAM = CUT53EQ8B5;
				GENERATE_INFOPLIST_FILE = YES;
				INFOPLIST_FILE = ChatterGPT/Info.plist;
				INFOPLIST_KEY_UIApplicationSupportsIndirectInputEvents = YES;
				INFOPLIST_KEY_UILaunchStoryboardName = LaunchScreen;
				INFOPLIST_KEY_UIMainStoryboardFile = Main;
				INFOPLIST_KEY_UISupportedInterfaceOrientations_iPad = "UIInterfaceOrientationPortrait UIInterfaceOrientationPortraitUpsideDown UIInterfaceOrientationLandscapeLeft UIInterfaceOrientationLandscapeRight";
				INFOPLIST_KEY_UISupportedInterfaceOrientations_iPhone = "UIInterfaceOrientationPortrait UIInterfaceOrientationLandscapeLeft UIInterfaceOrientationLandscapeRight";
				LD_RUNPATH_SEARCH_PATHS = (
					"$(inherited)",
					"@executable_path/Frameworks",
				);
				MARKETING_VERSION = 1.0;
				PRODUCT_BUNDLE_IDENTIFIER = allen870619.ChatterGPT;
				PRODUCT_NAME = "$(TARGET_NAME)";
				SWIFT_EMIT_LOC_STRINGS = YES;
				SWIFT_VERSION = 5.0;
				TARGETED_DEVICE_FAMILY = "1,2";
			};
			name = Debug;
		};
		9F8716E229B84FE800704816 /* Release */ = {
			isa = XCBuildConfiguration;
			buildSettings = {
				ASSETCATALOG_COMPILER_APPICON_NAME = AppIcon;
				ASSETCATALOG_COMPILER_GLOBAL_ACCENT_COLOR_NAME = AccentColor;
				CODE_SIGN_STYLE = Automatic;
				CURRENT_PROJECT_VERSION = 1;
				DEVELOPMENT_TEAM = CUT53EQ8B5;
				GENERATE_INFOPLIST_FILE = YES;
				INFOPLIST_FILE = ChatterGPT/Info.plist;
				INFOPLIST_KEY_UIApplicationSupportsIndirectInputEvents = YES;
				INFOPLIST_KEY_UILaunchStoryboardName = LaunchScreen;
				INFOPLIST_KEY_UIMainStoryboardFile = Main;
				INFOPLIST_KEY_UISupportedInterfaceOrientations_iPad = "UIInterfaceOrientationPortrait UIInterfaceOrientationPortraitUpsideDown UIInterfaceOrientationLandscapeLeft UIInterfaceOrientationLandscapeRight";
				INFOPLIST_KEY_UISupportedInterfaceOrientations_iPhone = "UIInterfaceOrientationPortrait UIInterfaceOrientationLandscapeLeft UIInterfaceOrientationLandscapeRight";
				LD_RUNPATH_SEARCH_PATHS = (
					"$(inherited)",
					"@executable_path/Frameworks",
				);
				MARKETING_VERSION = 1.0;
				PRODUCT_BUNDLE_IDENTIFIER = allen870619.ChatterGPT;
				PRODUCT_NAME = "$(TARGET_NAME)";
				SWIFT_EMIT_LOC_STRINGS = YES;
				SWIFT_VERSION = 5.0;
				TARGETED_DEVICE_FAMILY = "1,2";
			};
			name = Release;
		};
		9F8716E429B84FE800704816 /* Debug */ = {
			isa = XCBuildConfiguration;
			buildSettings = {
				ALWAYS_EMBED_SWIFT_STANDARD_LIBRARIES = YES;
				BUNDLE_LOADER = "$(TEST_HOST)";
				CODE_SIGN_STYLE = Automatic;
				CURRENT_PROJECT_VERSION = 1;
				DEVELOPMENT_TEAM = CUT53EQ8B5;
				GENERATE_INFOPLIST_FILE = YES;
				IPHONEOS_DEPLOYMENT_TARGET = 16.2;
				MARKETING_VERSION = 1.0;
				PRODUCT_BUNDLE_IDENTIFIER = allen870619.ChatGPTTests;
				PRODUCT_NAME = "$(TARGET_NAME)";
				SWIFT_EMIT_LOC_STRINGS = NO;
				SWIFT_VERSION = 5.0;
				TARGETED_DEVICE_FAMILY = "1,2";
				TEST_HOST = "$(BUILT_PRODUCTS_DIR)/ChatterGPT.app/$(BUNDLE_EXECUTABLE_FOLDER_PATH)/ChatterGPT";
			};
			name = Debug;
		};
		9F8716E529B84FE800704816 /* Release */ = {
			isa = XCBuildConfiguration;
			buildSettings = {
				ALWAYS_EMBED_SWIFT_STANDARD_LIBRARIES = YES;
				BUNDLE_LOADER = "$(TEST_HOST)";
				CODE_SIGN_STYLE = Automatic;
				CURRENT_PROJECT_VERSION = 1;
				DEVELOPMENT_TEAM = CUT53EQ8B5;
				GENERATE_INFOPLIST_FILE = YES;
				IPHONEOS_DEPLOYMENT_TARGET = 16.2;
				MARKETING_VERSION = 1.0;
				PRODUCT_BUNDLE_IDENTIFIER = allen870619.ChatGPTTests;
				PRODUCT_NAME = "$(TARGET_NAME)";
				SWIFT_EMIT_LOC_STRINGS = NO;
				SWIFT_VERSION = 5.0;
				TARGETED_DEVICE_FAMILY = "1,2";
				TEST_HOST = "$(BUILT_PRODUCTS_DIR)/ChatterGPT.app/$(BUNDLE_EXECUTABLE_FOLDER_PATH)/ChatterGPT";
			};
			name = Release;
		};
		9F8716E729B84FE800704816 /* Debug */ = {
			isa = XCBuildConfiguration;
			buildSettings = {
				ALWAYS_EMBED_SWIFT_STANDARD_LIBRARIES = YES;
				CODE_SIGN_STYLE = Automatic;
				CURRENT_PROJECT_VERSION = 1;
				DEVELOPMENT_TEAM = CUT53EQ8B5;
				GENERATE_INFOPLIST_FILE = YES;
				MARKETING_VERSION = 1.0;
				PRODUCT_BUNDLE_IDENTIFIER = allen870619.ChatGPTUITests;
				PRODUCT_NAME = "$(TARGET_NAME)";
				SWIFT_EMIT_LOC_STRINGS = NO;
				SWIFT_VERSION = 5.0;
				TARGETED_DEVICE_FAMILY = "1,2";
				TEST_TARGET_NAME = ChatGPT;
			};
			name = Debug;
		};
		9F8716E829B84FE800704816 /* Release */ = {
			isa = XCBuildConfiguration;
			buildSettings = {
				ALWAYS_EMBED_SWIFT_STANDARD_LIBRARIES = YES;
				CODE_SIGN_STYLE = Automatic;
				CURRENT_PROJECT_VERSION = 1;
				DEVELOPMENT_TEAM = CUT53EQ8B5;
				GENERATE_INFOPLIST_FILE = YES;
				MARKETING_VERSION = 1.0;
				PRODUCT_BUNDLE_IDENTIFIER = allen870619.ChatGPTUITests;
				PRODUCT_NAME = "$(TARGET_NAME)";
				SWIFT_EMIT_LOC_STRINGS = NO;
				SWIFT_VERSION = 5.0;
				TARGETED_DEVICE_FAMILY = "1,2";
				TEST_TARGET_NAME = ChatGPT;
			};
			name = Release;
		};
/* End XCBuildConfiguration section */

/* Begin XCConfigurationList section */
		9F8716B129B84FE400704816 /* Build configuration list for PBXProject "ChatterGPT" */ = {
			isa = XCConfigurationList;
			buildConfigurations = (
				9F8716DE29B84FE800704816 /* Debug */,
				9F8716DF29B84FE800704816 /* Release */,
			);
			defaultConfigurationIsVisible = 0;
			defaultConfigurationName = Release;
		};
		9F8716E029B84FE800704816 /* Build configuration list for PBXNativeTarget "ChatterGPT" */ = {
			isa = XCConfigurationList;
			buildConfigurations = (
				9F8716E129B84FE800704816 /* Debug */,
				9F8716E229B84FE800704816 /* Release */,
			);
			defaultConfigurationIsVisible = 0;
			defaultConfigurationName = Release;
		};
		9F8716E329B84FE800704816 /* Build configuration list for PBXNativeTarget "ChatterGPTTests" */ = {
			isa = XCConfigurationList;
			buildConfigurations = (
				9F8716E429B84FE800704816 /* Debug */,
				9F8716E529B84FE800704816 /* Release */,
			);
			defaultConfigurationIsVisible = 0;
			defaultConfigurationName = Release;
		};
		9F8716E629B84FE800704816 /* Build configuration list for PBXNativeTarget "ChatterGPTUITests" */ = {
			isa = XCConfigurationList;
			buildConfigurations = (
				9F8716E729B84FE800704816 /* Debug */,
				9F8716E829B84FE800704816 /* Release */,
			);
			defaultConfigurationIsVisible = 0;
			defaultConfigurationName = Release;
		};
/* End XCConfigurationList section */

/* Begin XCRemoteSwiftPackageReference section */
		9F8716ED29B8675400704816 /* XCRemoteSwiftPackageReference "iOSCommonUtils" */ = {
			isa = XCRemoteSwiftPackageReference;
			repositoryURL = "https://github.com/allen870619/iOSCommonUtils";
			requirement = {
				branch = main;
				kind = branch;
			};
		};
		9F8716F029B8709400704816 /* XCRemoteSwiftPackageReference "Alamofire" */ = {
			isa = XCRemoteSwiftPackageReference;
			repositoryURL = "https://github.com/Alamofire/Alamofire.git";
			requirement = {
				branch = master;
				kind = branch;
			};
		};
		9F8716F729B8801800704816 /* XCRemoteSwiftPackageReference "SwiftyJSON" */ = {
			isa = XCRemoteSwiftPackageReference;
			repositoryURL = "https://github.com/SwiftyJSON/SwiftyJSON.git";
			requirement = {
				branch = master;
				kind = branch;
			};
		};
		9F87170429B8BD7600704816 /* XCRemoteSwiftPackageReference "RxSwift" */ = {
			isa = XCRemoteSwiftPackageReference;
			repositoryURL = "https://github.com/ReactiveX/RxSwift.git";
			requirement = {
				branch = main;
				kind = branch;
			};
		};
/* End XCRemoteSwiftPackageReference section */

/* Begin XCSwiftPackageProductDependency section */
		9F8716EE29B8675400704816 /* iOSCommonUtils */ = {
			isa = XCSwiftPackageProductDependency;
			package = 9F8716ED29B8675400704816 /* XCRemoteSwiftPackageReference "iOSCommonUtils" */;
			productName = iOSCommonUtils;
		};
		9F8716F129B8709400704816 /* Alamofire */ = {
			isa = XCSwiftPackageProductDependency;
			package = 9F8716F029B8709400704816 /* XCRemoteSwiftPackageReference "Alamofire" */;
			productName = Alamofire;
		};
		9F8716F829B8801800704816 /* SwiftyJSON */ = {
			isa = XCSwiftPackageProductDependency;
			package = 9F8716F729B8801800704816 /* XCRemoteSwiftPackageReference "SwiftyJSON" */;
			productName = SwiftyJSON;
		};
		9F87170529B8BD7700704816 /* RxCocoa */ = {
			isa = XCSwiftPackageProductDependency;
			package = 9F87170429B8BD7600704816 /* XCRemoteSwiftPackageReference "RxSwift" */;
			productName = RxCocoa;
		};
		9F87170729B8BD7700704816 /* RxSwift */ = {
			isa = XCSwiftPackageProductDependency;
			package = 9F87170429B8BD7600704816 /* XCRemoteSwiftPackageReference "RxSwift" */;
			productName = RxSwift;
		};
/* End XCSwiftPackageProductDependency section */
	};
	rootObject = 9F8716AE29B84FE400704816 /* Project object */;
}
